
Microsoft Visual Studio Solution File, Format Version 12.00
# Visual Studio Version 16
VisualStudioVersion = 16.0.33529.622
MinimumVisualStudioVersion = 10.0.40219.1
Project("{FAE04EC0-301F-11D3-BF4B-00C04F79EFBC}") = "ARRAYS_AND_LISTS", "ARRAYS_AND_LISTS\ARRAYS_AND_LISTS.csproj", "{8B505538-EC0E-40D2-BD91-A638FF3D74CD}"
EndProject
Global
	GlobalSection(SolutionConfigurationPlatforms) = preSolution
		Debug|Any CPU = Debug|Any CPU
		Release|Any CPU = Release|Any CPU
	EndGlobalSection
	GlobalSection(ProjectConfigurationPlatforms) = postSolution
		{8B505538-EC0E-40D2-BD91-A638FF3D74CD}.Debug|Any CPU.ActiveCfg = Debug|Any CPU
		{8B505538-EC0E-40D2-BD91-A638FF3D74CD}.Debug|Any CPU.Build.0 = Debug|Any CPU
		{8B505538-EC0E-40D2-BD91-A638FF3D74CD}.Release|Any CPU.ActiveCfg = Release|Any CPU
		{8B505538-EC0E-40D2-BD91-A638FF3D74CD}.Release|Any CPU.Build.0 = Release|Any CPU
	EndGlobalSection
	GlobalSection(SolutionProperties) = preSolution
		HideSolutionNode = FALSE
	EndGlobalSection
	GlobalSection(ExtensibilityGlobals) = postSolution
		SolutionGuid = {3DC04B92-D0C6-41C4-85F3-BE2119B17071}
	EndGlobalSection
EndGlobal
